
Microsoft Visual Studio Solution File, Format Version 12.00
# Visual Studio 15
Project("{FAE04EC0-301F-11D3-BF4B-00C04F79EFBC}") = "WebRTC.Droid.Binding", "src\WebRTC.Droid.Binding\WebRTC.Droid.Binding.csproj", "{7A7CA35C-13FC-4E57-A0E3-8619974BB41B}"
EndProject
Project("{FAE04EC0-301F-11D3-BF4B-00C04F79EFBC}") = "WebRTC.Droid.Demo", "src\WebRTC.Droid.Demo\WebRTC.Droid.Demo.csproj", "{EB0A8F1F-959E-4970-9363-0E988C034EB9}"
EndProject
Project("{FAE04EC0-301F-11D3-BF4B-00C04F79EFBC}") = "WebRTC.Abstraction", "src\WebRTC.Abstraction\WebRTC.Abstraction.csproj", "{15BAF860-547F-4E5F-AC88-97F4B47C5E4B}"
EndProject
Project("{FAE04EC0-301F-11D3-BF4B-00C04F79EFBC}") = "WebRTC.Droid", "src\WebRTC.Droid\WebRTC.Droid.csproj", "{345C6D31-5E81-4E50-90BE-E3A51B3EE890}"
EndProject
Project("{FAE04EC0-301F-11D3-BF4B-00C04F79EFBC}") = "WebRTC.AppRTC", "src\WebRTC.AppRTC\WebRTC.AppRTC.csproj", "{8DC6AEA2-DD19-499B-B070-4CE8FB433531}"
EndProject
Project("{FAE04EC0-301F-11D3-BF4B-00C04F79EFBC}") = "WebRTC.iOS", "src\WebRTC.iOS\WebRTC.iOS.csproj", "{928F96AA-9E37-4254-8399-5D680CCAF2C7}"
EndProject
Global
	GlobalSection(SolutionConfigurationPlatforms) = preSolution
		Debug|anycpu = Debug|anycpu
		Release|anycpu = Release|anycpu
	EndGlobalSection
	GlobalSection(ProjectConfigurationPlatforms) = postSolution
		{7A7CA35C-13FC-4E57-A0E3-8619974BB41B}.Debug|anycpu.ActiveCfg = Debug|Any CPU
		{7A7CA35C-13FC-4E57-A0E3-8619974BB41B}.Debug|anycpu.Build.0 = Debug|Any CPU
		{7A7CA35C-13FC-4E57-A0E3-8619974BB41B}.Release|anycpu.ActiveCfg = Release|Any CPU
		{7A7CA35C-13FC-4E57-A0E3-8619974BB41B}.Release|anycpu.Build.0 = Release|Any CPU
		{EB0A8F1F-959E-4970-9363-0E988C034EB9}.Debug|anycpu.ActiveCfg = Debug|Any CPU
		{EB0A8F1F-959E-4970-9363-0E988C034EB9}.Debug|anycpu.Build.0 = Debug|Any CPU
		{EB0A8F1F-959E-4970-9363-0E988C034EB9}.Release|anycpu.ActiveCfg = Release|Any CPU
		{EB0A8F1F-959E-4970-9363-0E988C034EB9}.Release|anycpu.Build.0 = Release|Any CPU
		{15BAF860-547F-4E5F-AC88-97F4B47C5E4B}.Debug|anycpu.ActiveCfg = Debug|Any CPU
		{15BAF860-547F-4E5F-AC88-97F4B47C5E4B}.Debug|anycpu.Build.0 = Debug|Any CPU
		{15BAF860-547F-4E5F-AC88-97F4B47C5E4B}.Release|anycpu.ActiveCfg = Release|Any CPU
		{15BAF860-547F-4E5F-AC88-97F4B47C5E4B}.Release|anycpu.Build.0 = Release|Any CPU
		{345C6D31-5E81-4E50-90BE-E3A51B3EE890}.Debug|anycpu.ActiveCfg = Debug|Any CPU
		{345C6D31-5E81-4E50-90BE-E3A51B3EE890}.Debug|anycpu.Build.0 = Debug|Any CPU
		{345C6D31-5E81-4E50-90BE-E3A51B3EE890}.Release|anycpu.ActiveCfg = Release|Any CPU
		{345C6D31-5E81-4E50-90BE-E3A51B3EE890}.Release|anycpu.Build.0 = Release|Any CPU
		{8DC6AEA2-DD19-499B-B070-4CE8FB433531}.Debug|anycpu.ActiveCfg = Debug|Any CPU
		{8DC6AEA2-DD19-499B-B070-4CE8FB433531}.Debug|anycpu.Build.0 = Debug|Any CPU
		{8DC6AEA2-DD19-499B-B070-4CE8FB433531}.Release|anycpu.ActiveCfg = Release|Any CPU
		{8DC6AEA2-DD19-499B-B070-4CE8FB433531}.Release|anycpu.Build.0 = Release|Any CPU
		{928F96AA-9E37-4254-8399-5D680CCAF2C7}.Debug|anycpu.ActiveCfg = Debug|Any CPU
		{928F96AA-9E37-4254-8399-5D680CCAF2C7}.Debug|anycpu.Build.0 = Debug|Any CPU
		{928F96AA-9E37-4254-8399-5D680CCAF2C7}.Release|anycpu.ActiveCfg = Release|Any CPU
		{928F96AA-9E37-4254-8399-5D680CCAF2C7}.Release|anycpu.Build.0 = Release|Any CPU
	EndGlobalSection
EndGlobal
